// !$*UTF8*$!
{
	archiveVersion = 1;
	classes = {
	};
	objectVersion = 46;
	objects = {

/* Begin PBXBuildFile section */
		651E57B419EEC03D0060586A /* AppDelegate.swift in Sources */ = {isa = PBXBuildFile; fileRef = 651E57B319EEC03D0060586A /* AppDelegate.swift */; };
		651E57B619EEC03D0060586A /* ViewController.swift in Sources */ = {isa = PBXBuildFile; fileRef = 651E57B519EEC03D0060586A /* ViewController.swift */; };
		651E57B919EEC03D0060586A /* Main.storyboard in Resources */ = {isa = PBXBuildFile; fileRef = 651E57B719EEC03D0060586A /* Main.storyboard */; };
		651E57BB19EEC03D0060586A /* Images.xcassets in Resources */ = {isa = PBXBuildFile; fileRef = 651E57BA19EEC03D0060586A /* Images.xcassets */; };
		651E57BE19EEC03D0060586A /* LaunchScreen.xib in Resources */ = {isa = PBXBuildFile; fileRef = 651E57BC19EEC03D0060586A /* LaunchScreen.xib */; };
		651E57CA19EEC03D0060586A /* HttpClientTests.swift in Sources */ = {isa = PBXBuildFile; fileRef = 651E57C919EEC03D0060586A /* HttpClientTests.swift */; };
/* End PBXBuildFile section */

/* Begin PBXContainerItemProxy section */
		651E57C419EEC03D0060586A /* PBXContainerItemProxy */ = {
			isa = PBXContainerItemProxy;
			containerPortal = 651E57A619EEC03D0060586A /* Project object */;
			proxyType = 1;
			remoteGlobalIDString = 651E57AD19EEC03D0060586A;
			remoteInfo = HttpClient;
		};
/* End PBXContainerItemProxy section */

/* Begin PBXFileReference section */
		651E57AE19EEC03D0060586A /* HttpClient.app */ = {isa = PBXFileReference; explicitFileType = wrapper.application; includeInIndex = 0; path = HttpClient.app; sourceTree = BUILT_PRODUCTS_DIR; };
		651E57B219EEC03D0060586A /* Info.plist */ = {isa = PBXFileReference; lastKnownFileType = text.plist.xml; path = Info.plist; sourceTree = "<group>"; };
		651E57B319EEC03D0060586A /* AppDelegate.swift */ = {isa = PBXFileReference; lastKnownFileType = sourcecode.swift; path = AppDelegate.swift; sourceTree = "<group>"; };
		651E57B519EEC03D0060586A /* ViewController.swift */ = {isa = PBXFileReference; lastKnownFileType = sourcecode.swift; path = ViewController.swift; sourceTree = "<group>"; };
		651E57B819EEC03D0060586A /* Base */ = {isa = PBXFileReference; lastKnownFileType = file.storyboard; name = Base; path = Base.lproj/Main.storyboard; sourceTree = "<group>"; };
		651E57BA19EEC03D0060586A /* Images.xcassets */ = {isa = PBXFileReference; lastKnownFileType = folder.assetcatalog; path = Images.xcassets; sourceTree = "<group>"; };
		651E57BD19EEC03D0060586A /* Base */ = {isa = PBXFileReference; lastKnownFileType = file.xib; name = Base; path = Base.lproj/LaunchScreen.xib; sourceTree = "<group>"; };
		651E57C319EEC03D0060586A /* HttpClientTests.xctest */ = {isa = PBXFileReference; explicitFileType = wrapper.cfbundle; includeInIndex = 0; path = HttpClientTests.xctest; sourceTree = BUILT_PRODUCTS_DIR; };
		651E57C819EEC03D0060586A /* Info.plist */ = {isa = PBXFileReference; lastKnownFileType = text.plist.xml; path = Info.plist; sourceTree = "<group>"; };
		651E57C919EEC03D0060586A /* HttpClientTests.swift */ = {isa = PBXFileReference; lastKnownFileType = sourcecode.swift; path = HttpClientTests.swift; sourceTree = "<group>"; };
/* End PBXFileReference section */

/* Begin PBXFrameworksBuildPhase section */
		651E57AB19EEC03D0060586A /* Frameworks */ = {
			isa = PBXFrameworksBuildPhase;
			buildActionMask = 2147483647;
			files = (
			);
			runOnlyForDeploymentPostprocessing = 0;
		};
		651E57C019EEC03D0060586A /* Frameworks */ = {
			isa = PBXFrameworksBuildPhase;
			buildActionMask = 2147483647;
			files = (
			);
			runOnlyForDeploymentPostprocessing = 0;
		};
/* End PBXFrameworksBuildPhase section */

/* Begin PBXGroup section */
		651E57A519EEC03D0060586A = {
			isa = PBXGroup;
			children = (
				651E57B019EEC03D0060586A /* HttpClient */,
				651E57C619EEC03D0060586A /* HttpClientTests */,
				651E57AF19EEC03D0060586A /* Products */,
			);
			sourceTree = "<group>";
		};
		651E57AF19EEC03D0060586A /* Products */ = {
			isa = PBXGroup;
			children = (
				651E57AE19EEC03D0060586A /* HttpClient.app */,
				651E57C319EEC03D0060586A /* HttpClientTests.xctest */,
			);
			name = Products;
			sourceTree = "<group>";
		};
		651E57B019EEC03D0060586A /* HttpClient */ = {
			isa = PBXGroup;
			children = (
				651E57B319EEC03D0060586A /* AppDelegate.swift */,
				651E57B519EEC03D0060586A /* ViewController.swift */,
				651E57B719EEC03D0060586A /* Main.storyboard */,
				651E57BA19EEC03D0060586A /* Images.xcassets */,
				651E57BC19EEC03D0060586A /* LaunchScreen.xib */,
				651E57B119EEC03D0060586A /* Supporting Files */,
			);
			path = HttpClient;
			sourceTree = "<group>";
		};
		651E57B119EEC03D0060586A /* Supporting Files */ = {
			isa = PBXGroup;
			children = (
				651E57B219EEC03D0060586A /* Info.plist */,
			);
			name = "Supporting Files";
			sourceTree = "<group>";
		};
		651E57C619EEC03D0060586A /* HttpClientTests */ = {
			isa = PBXGroup;
			children = (
				651E57C919EEC03D0060586A /* HttpClientTests.swift */,
				651E57C719EEC03D0060586A /* Supporting Files */,
			);
			path = HttpClientTests;
			sourceTree = "<group>";
		};
		651E57C719EEC03D0060586A /* Supporting Files */ = {
			isa = PBXGroup;
			children = (
				651E57C819EEC03D0060586A /* Info.plist */,
			);
			name = "Supporting Files";
			sourceTree = "<group>";
		};
/* End PBXGroup section */

/* Begin PBXNativeTarget section */
		651E57AD19EEC03D0060586A /* HttpClient */ = {
			isa = PBXNativeTarget;
			buildConfigurationList = 651E57CD19EEC03D0060586A /* Build configuration list for PBXNativeTarget "HttpClient" */;
			buildPhases = (
				651E57AA19EEC03D0060586A /* Sources */,
				651E57AB19EEC03D0060586A /* Frameworks */,
				651E57AC19EEC03D0060586A /* Resources */,
			);
			buildRules = (
			);
			dependencies = (
			);
			name = HttpClient;
			productName = HttpClient;
			productReference = 651E57AE19EEC03D0060586A /* HttpClient.app */;
			productType = "com.apple.product-type.application";
		};
		651E57C219EEC03D0060586A /* HttpClientTests */ = {
			isa = PBXNativeTarget;
			buildConfigurationList = 651E57D019EEC03D0060586A /* Build configuration list for PBXNativeTarget "HttpClientTests" */;
			buildPhases = (
				651E57BF19EEC03D0060586A /* Sources */,
				651E57C019EEC03D0060586A /* Frameworks */,
				651E57C119EEC03D0060586A /* Resources */,
			);
			buildRules = (
			);
			dependencies = (
				651E57C519EEC03D0060586A /* PBXTargetDependency */,
			);
			name = HttpClientTests;
			productName = HttpClientTests;
			productReference = 651E57C319EEC03D0060586A /* HttpClientTests.xctest */;
			productType = "com.apple.product-type.bundle.unit-test";
		};
/* End PBXNativeTarget section */

/* Begin PBXProject section */
		651E57A619EEC03D0060586A /* Project object */ = {
			isa = PBXProject;
			attributes = {
				LastUpgradeCheck = 0600;
				ORGANIZATIONNAME = "Derek Li";
				TargetAttributes = {
					651E57AD19EEC03D0060586A = {
						CreatedOnToolsVersion = 6.1;
					};
					651E57C219EEC03D0060586A = {
						CreatedOnToolsVersion = 6.1;
						TestTargetID = 651E57AD19EEC03D0060586A;
					};
				};
			};
			buildConfigurationList = 651E57A919EEC03D0060586A /* Build configuration list for PBXProject "HttpClient" */;
			compatibilityVersion = "Xcode 3.2";
			developmentRegion = English;
			hasScannedForEncodings = 0;
			knownRegions = (
				en,
				Base,
			);
			mainGroup = 651E57A519EEC03D0060586A;
			productRefGroup = 651E57AF19EEC03D0060586A /* Products */;
			projectDirPath = "";
			projectRoot = "";
			targets = (
				651E57AD19EEC03D0060586A /* HttpClient */,
				651E57C219EEC03D0060586A /* HttpClientTests */,
			);
		};
/* End PBXProject section */

/* Begin PBXResourcesBuildPhase section */
		651E57AC19EEC03D0060586A /* Resources */ = {
			isa = PBXResourcesBuildPhase;
			buildActionMask = 2147483647;
			files = (
				651E57B919EEC03D0060586A /* Main.storyboard in Resources */,
				651E57BE19EEC03D0060586A /* LaunchScreen.xib in Resources */,
				651E57BB19EEC03D0060586A /* Images.xcassets in Resources */,
			);
			runOnlyForDeploymentPostprocessing = 0;
		};
		651E57C119EEC03D0060586A /* Resources */ = {
			isa = PBXResourcesBuildPhase;
			buildActionMask = 2147483647;
			files = (
			);
			runOnlyForDeploymentPostprocessing = 0;
		};
/* End PBXResourcesBuildPhase section */

/* Begin PBXSourcesBuildPhase section */
		651E57AA19EEC03D0060586A /* Sources */ = {
			isa = PBXSourcesBuildPhase;
			buildActionMask = 2147483647;
			files = (
				651E57B619EEC03D0060586A /* ViewController.swift in Sources */,
				651E57B419EEC03D0060586A /* AppDelegate.swift in Sources */,
			);
			runOnlyForDeploymentPostprocessing = 0;
		};
		651E57BF19EEC03D0060586A /* Sources */ = {
			isa = PBXSourcesBuildPhase;
			buildActionMask = 2147483647;
			files = (
				651E57CA19EEC03D0060586A /* HttpClientTests.swift in Sources */,
			);
			runOnlyForDeploymentPostprocessing = 0;
		};
/* End PBXSourcesBuildPhase section */

/* Begin PBXTargetDependency section */
		651E57C519EEC03D0060586A /* PBXTargetDependency */ = {
			isa = PBXTargetDependency;
			target = 651E57AD19EEC03D0060586A /* HttpClient */;
			targetProxy = 651E57C419EEC03D0060586A /* PBXContainerItemProxy */;
		};
/* End PBXTargetDependency section */

/* Begin PBXVariantGroup section */
		651E57B719EEC03D0060586A /* Main.storyboard */ = {
			isa = PBXVariantGroup;
			children = (
				651E57B819EEC03D0060586A /* Base */,
			);
			name = Main.storyboard;
			sourceTree = "<group>";
		};
		651E57BC19EEC03D0060586A /* LaunchScreen.xib */ = {
			isa = PBXVariantGroup;
			children = (
				651E57BD19EEC03D0060586A /* Base */,
			);
			name = LaunchScreen.xib;
			sourceTree = "<group>";
		};
/* End PBXVariantGroup section */

/* Begin XCBuildConfiguration section */
		651E57CB19EEC03D0060586A /* Debug */ = {
			isa = XCBuildConfiguration;
			buildSettings = {
				ALWAYS_SEARCH_USER_PATHS = NO;
				CLANG_CXX_LANGUAGE_STANDARD = "gnu++0x";
				CLANG_CXX_LIBRARY = "libc++";
				CLANG_ENABLE_MODULES = YES;
				CLANG_ENABLE_OBJC_ARC = YES;
				CLANG_WARN_BOOL_CONVERSION = YES;
				CLANG_WARN_CONSTANT_CONVERSION = YES;
				CLANG_WARN_DIRECT_OBJC_ISA_USAGE = YES_ERROR;
				CLANG_WARN_EMPTY_BODY = YES;
				CLANG_WARN_ENUM_CONVERSION = YES;
				CLANG_WARN_INT_CONVERSION = YES;
				CLANG_WARN_OBJC_ROOT_CLASS = YES_ERROR;
				CLANG_WARN_UNREACHABLE_CODE = YES;
				CLANG_WARN__DUPLICATE_METHOD_MATCH = YES;
				"CODE_SIGN_IDENTITY[sdk=iphoneos*]" = "iPhone Developer";
				COPY_PHASE_STRIP = NO;
				ENABLE_STRICT_OBJC_MSGSEND = YES;
				GCC_C_LANGUAGE_STANDARD = gnu99;
				GCC_DYNAMIC_NO_PIC = NO;
				GCC_OPTIMIZATION_LEVEL = 0;
				GCC_PREPROCESSOR_DEFINITIONS = (
					"DEBUG=1",
					"$(inherited)",
				);
				GCC_SYMBOLS_PRIVATE_EXTERN = NO;
				GCC_WARN_64_TO_32_BIT_CONVERSION = YES;
				GCC_WARN_ABOUT_RETURN_TYPE = YES_ERROR;
				GCC_WARN_UNDECLARED_SELECTOR = YES;
				GCC_WARN_UNINITIALIZED_AUTOS = YES_AGGRESSIVE;
				GCC_WARN_UNUSED_FUNCTION = YES;
				GCC_WARN_UNUSED_VARIABLE = YES;
				IPHONEOS_DEPLOYMENT_TARGET = 8.0;
				MTL_ENABLE_DEBUG_INFO = YES;
				ONLY_ACTIVE_ARCH = YES;
				SDKROOT = iphoneos;
				SWIFT_OPTIMIZATION_LEVEL = "-Onone";
			};
			name = Debug;
		};
		651E57CC19EEC03D0060586A /* Release */ = {
			isa = XCBuildConfiguration;
			buildSettings = {
				ALWAYS_SEARCH_USER_PATHS = NO;
				CLANG_CXX_LANGUAGE_STANDARD = "gnu++0x";
				CLANG_CXX_LIBRARY = "libc++";
				CLANG_ENABLE_MODULES = YES;
				CLANG_ENABLE_OBJC_ARC = YES;
				CLANG_WARN_BOOL_CONVERSION = YES;
				CLANG_WARN_CONSTANT_CONVERSION = YES;
				CLANG_WARN_DIRECT_OBJC_ISA_USAGE = YES_ERROR;
				CLANG_WARN_EMPTY_BODY = YES;
				CLANG_WARN_ENUM_CONVERSION = YES;
				CLANG_WARN_INT_CONVERSION = YES;
				CLANG_WARN_OBJC_ROOT_CLASS = YES_ERROR;
				CLANG_WARN_UNREACHABLE_CODE = YES;
				CLANG_WARN__DUPLICATE_METHOD_MATCH = YES;
				"CODE_SIGN_IDENTITY[sdk=iphoneos*]" = "iPhone Developer";
				COPY_PHASE_STRIP = YES;
				ENABLE_NS_ASSERTIONS = NO;
				ENABLE_STRICT_OBJC_MSGSEND = YES;
				GCC_C_LANGUAGE_STANDARD = gnu99;
				GCC_WARN_64_TO_32_BIT_CONVERSION = YES;
				GCC_WARN_ABOUT_RETURN_TYPE = YES_ERROR;
				GCC_WARN_UNDECLARED_SELECTOR = YES;
				GCC_WARN_UNINITIALIZED_AUTOS = YES_AGGRESSIVE;
				GCC_WARN_UNUSED_FUNCTION = YES;
				GCC_WARN_UNUSED_VARIABLE = YES;
				IPHONEOS_DEPLOYMENT_TARGET = 8.0;
				MTL_ENABLE_DEBUG_INFO = NO;
				SDKROOT = iphoneos;
				VALIDATE_PRODUCT = YES;
			};
			name = Release;
		};
		651E57CE19EEC03D0060586A /* Debug */ = {
			isa = XCBuildConfiguration;
			buildSettings = {
				ASSETCATALOG_COMPILER_APPICON_NAME = AppIcon;
				INFOPLIST_FILE = HttpClient/Info.plist;
				LD_RUNPATH_SEARCH_PATHS = "$(inherited) @executable_path/Frameworks";
				PRODUCT_NAME = "$(TARGET_NAME)";
			};
			name = Debug;
		};
		651E57CF19EEC03D0060586A /* Release */ = {
			isa = XCBuildConfiguration;
			buildSettings = {
				ASSETCATALOG_COMPILER_APPICON_NAME = AppIcon;
				INFOPLIST_FILE = HttpClient/Info.plist;
				LD_RUNPATH_SEARCH_PATHS = "$(inherited) @executable_path/Frameworks";
				PRODUCT_NAME = "$(TARGET_NAME)";
			};
			name = Release;
		};
		651E57D119EEC03D0060586A /* Debug */ = {
			isa = XCBuildConfiguration;
			buildSettings = {
				BUNDLE_LOADER = "$(TEST_HOST)";
				FRAMEWORK_SEARCH_PATHS = (
					"$(SDKROOT)/Developer/Library/Frameworks",
					"$(inherited)",
				);
				GCC_PREPROCESSOR_DEFINITIONS = (
					"DEBUG=1",
					"$(inherited)",
				);
				INFOPLIST_FILE = HttpClientTests/Info.plist;
				LD_RUNPATH_SEARCH_PATHS = "$(inherited) @executable_path/Frameworks @loader_path/Frameworks";
				PRODUCT_NAME = "$(TARGET_NAME)";
				TEST_HOST = "$(BUILT_PRODUCTS_DIR)/HttpClient.app/HttpClient";
			};
			name = Debug;
		};
		651E57D219EEC03D0060586A /* Release */ = {
			isa = XCBuildConfiguration;
			buildSettings = {
				BUNDLE_LOADER = "$(TEST_HOST)";
				FRAMEWORK_SEARCH_PATHS = (
					"$(SDKROOT)/Developer/Library/Frameworks",
					"$(inherited)",
				);
				INFOPLIST_FILE = HttpClientTests/Info.plist;
				LD_RUNPATH_SEARCH_PATHS = "$(inherited) @executable_path/Frameworks @loader_path/Frameworks";
				PRODUCT_NAME = "$(TARGET_NAME)";
				TEST_HOST = "$(BUILT_PRODUCTS_DIR)/HttpClient.app/HttpClient";
			};
			name = Release;
		};
/* End XCBuildConfiguration section */

/* Begin XCConfigurationList section */
		651E57A919EEC03D0060586A /* Build configuration list for PBXProject "HttpClient" */ = {
			isa = XCConfigurationList;
			buildConfigurations = (
				651E57CB19EEC03D0060586A /* Debug */,
				651E57CC19EEC03D0060586A /* Release */,
			);
			defaultConfigurationIsVisible = 0;
			defaultConfigurationName = Release;
		};
		651E57CD19EEC03D0060586A /* Build configuration list for PBXNativeTarget "HttpClient" */ = {
			isa = XCConfigurationList;
			buildConfigurations = (
				651E57CE19EEC03D0060586A /* Debug */,
				651E57CF19EEC03D0060586A /* Release */,
			);
			defaultConfigurationIsVisible = 0;
		};
		651E57D019EEC03D0060586A /* Build configuration list for PBXNativeTarget "HttpClientTests" */ = {
			isa = XCConfigurationList;
			buildConfigurations = (
				651E57D119EEC03D0060586A /* Debug */,
				651E57D219EEC03D0060586A /* Release */,
			);
			defaultConfigurationIsVisible = 0;
		};
/* End XCConfigurationList section */
	};
	rootObject = 651E57A619EEC03D0060586A /* Project object */;
}
